// !$*UTF8*$!
{
	archiveVersion = 1;
	classes = {
	};
	objectVersion = 77;
	objects = {

/* Begin PBXBuildFile section */
		03B2237BFFDBADEA8DF8A5ED /* AppDelegate.swift in Sources */ = {isa = PBXBuildFile; fileRef = 09F529CCEF63C31A8B23AD98 /* AppDelegate.swift */; };
		0697F0E77483FFC91E970CC5 /* PaddedLabel.swift in Sources */ = {isa = PBXBuildFile; fileRef = 2912CC63C6E345709B5F9019 /* PaddedLabel.swift */; };
		082C4B9A5684891B87111C26 /* AuthService.swift in Sources */ = {isa = PBXBuildFile; fileRef = 9D09D30B6E4175F7B9EED2F0 /* AuthService.swift */; };
		0A96BA11249ED5B740C24212 /* Milestone.swift in Sources */ = {isa = PBXBuildFile; fileRef = FF642C9515BCC467F834E8B4 /* Milestone.swift */; };
		0B8F57D37A271FB28331A2BE /* SceneDelegate.swift in Sources */ = {isa = PBXBuildFile; fileRef = F004B5EC583D5D6EAF640DD8 /* SceneDelegate.swift */; };
		19E6BEFCE889FDA0C800D8B7 /* RevenueCat in Frameworks */ = {isa = PBXBuildFile; productRef = 07682BE50C2C84C3B373157D /* RevenueCat */; };
		1C305EF571A030C84CCD2B9F /* OnboardingPage.swift in Sources */ = {isa = PBXBuildFile; fileRef = 723F5C8EF66A78375A1A5C78 /* OnboardingPage.swift */; };
		1C993D004C875CCC89B33DB3 /* CategoryStylesViewController.swift in Sources */ = {isa = PBXBuildFile; fileRef = 31A54B59B4A755B9D53423BB /* CategoryStylesViewController.swift */; };
		1EB9D11353340D5C62E14CF7 /* ThemeCard.swift in Sources */ = {isa = PBXBuildFile; fileRef = 677D2EE43C0A50451D4561FD /* ThemeCard.swift */; };
		23CEF94056FF8C2F545F5BA5 /* ThemeCategory.swift in Sources */ = {isa = PBXBuildFile; fileRef = 39809759245896589A20F080 /* ThemeCategory.swift */; };
		24ECD51C45E858C57D974648 /* ThemeService.swift in Sources */ = {isa = PBXBuildFile; fileRef = A2252ECD08EF287944198F72 /* ThemeService.swift */; };
		25067E8B66832B57882F3D21 /* MilestoneDetailViewController.swift in Sources */ = {isa = PBXBuildFile; fileRef = 5D2494F1E8DEDAC22CB992D0 /* MilestoneDetailViewController.swift */; };
		26909D3088168DF6959E8D22 /* MilestoneListsViewController.swift in Sources */ = {isa = PBXBuildFile; fileRef = 51B44B0080ECB1C7E4E3AC29 /* MilestoneListsViewController.swift */; };
		28A806F9670B540281834B19 /* MilestoneCaptureViewController.swift in Sources */ = {isa = PBXBuildFile; fileRef = 857546B658B167E382FAD549 /* MilestoneCaptureViewController.swift */; };
		2B3825A1040995155892DB94 /* HomeViewController.swift in Sources */ = {isa = PBXBuildFile; fileRef = 69FCED30A8A30320D88603AB /* HomeViewController.swift */; };
		2B3C0865CCEFF10B2E1178E2 /* FavoritesService.swift in Sources */ = {isa = PBXBuildFile; fileRef = 5A8BF08F841E1AA95C6083A5 /* FavoritesService.swift */; };
		358DE3B132AF9A93CA69FABA /* RemoteImageLoader.swift in Sources */ = {isa = PBXBuildFile; fileRef = 93ACE1F0B40459299792B34A /* RemoteImageLoader.swift */; };
		396C24B851221F8C074B80F4 /* FaceDetectionService.swift in Sources */ = {isa = PBXBuildFile; fileRef = ECA57E93405E32339B219BC6 /* FaceDetectionService.swift */; };
		3D82FAA48CE9715BF31C007C /* OnboardingContainerViewController.swift in Sources */ = {isa = PBXBuildFile; fileRef = 571D36BC1C1F4D51E4C4F4B2 /* OnboardingContainerViewController.swift */; };
		407AEA6DD0C6F9ECA403C209 /* FirebaseAuth in Frameworks */ = {isa = PBXBuildFile; productRef = 9E46D0EFAC0384D4EBD59E80 /* FirebaseAuth */; };
		423AF0CEEC10B36DDFDC69A2 /* FirebaseCore in Frameworks */ = {isa = PBXBuildFile; productRef = 513939B4DE09955E9FCD3746 /* FirebaseCore */; };
		477855ED8306D46270F09B4F /* ProfileViewController.swift in Sources */ = {isa = PBXBuildFile; fileRef = 548B61AFFA7C1482FB5B77B8 /* ProfileViewController.swift */; };
		4A0BB859F9403CB20DE527E6 /* GenerationService.swift in Sources */ = {isa = PBXBuildFile; fileRef = 2F0AEC1378A3E1C779D987B6 /* GenerationService.swift */; };
		4B0A8765F67962890859A60C /* FirebaseFirestore in Frameworks */ = {isa = PBXBuildFile; productRef = A76CDB5F21897BE615473238 /* FirebaseFirestore */; };
		55C0E9E8D8B596F935372A4F /* AppCoordinator.swift in Sources */ = {isa = PBXBuildFile; fileRef = 731D217EC357D10BBD06523A /* AppCoordinator.swift */; };
		563A13B7689A72132CBE6986 /* CreateYourOwnStyleCell.swift in Sources */ = {isa = PBXBuildFile; fileRef = DFF46652604012C1A364D782 /* CreateYourOwnStyleCell.swift */; };
		609C3425900374E6A62AEC58 /* LegalDocumentViewController.swift in Sources */ = {isa = PBXBuildFile; fileRef = 10E2CC2727250F73C84155DF /* LegalDocumentViewController.swift */; };
		65857A19D43A9D37613D935C /* LimitedOfferPopupViewController.swift in Sources */ = {isa = PBXBuildFile; fileRef = 2C9E089CFB1B50604ECD1ED4 /* LimitedOfferPopupViewController.swift */; };
		65B4BD6EDDB3F7DDFBA647D6 /* OnboardingPageViewController.swift in Sources */ = {isa = PBXBuildFile; fileRef = 01D82E84AC77F56FF0B53FFA /* OnboardingPageViewController.swift */; };
		6C40640A16B28C3C2832FCC0 /* MilestoneRemoteStore.swift in Sources */ = {isa = PBXBuildFile; fileRef = A9AA301847962C8D5E2AB2F2 /* MilestoneRemoteStore.swift */; };
		708478A6299AB9DA0DAC810D /* Generation.swift in Sources */ = {isa = PBXBuildFile; fileRef = CFC08B8E2A5886007925282F /* Generation.swift */; };
		725E6337D84AC0B30945A578 /* MilestoneListDetailViewController.swift in Sources */ = {isa = PBXBuildFile; fileRef = 97EBB6079D2A7C5116B5FB33 /* MilestoneListDetailViewController.swift */; };
		848081CB357AED00BB173314 /* FirebaseStorage in Frameworks */ = {isa = PBXBuildFile; productRef = 9A0D8D69C677AA06E26C7A96 /* FirebaseStorage */; };
		867F71C7DE4FFBEBC3B81FFA /* FirebaseFunctions in Frameworks */ = {isa = PBXBuildFile; productRef = 5499EA09F4C6C0E34CF10CEA /* FirebaseFunctions */; };
		88CCB4F182212328974B04E4 /* CoinPackageViewController.swift in Sources */ = {isa = PBXBuildFile; fileRef = D19CCDF721E36711C5C2F478 /* CoinPackageViewController.swift */; };
		94FD16A2149F5302AD599136 /* Theme.swift in Sources */ = {isa = PBXBuildFile; fileRef = 33710312F2AFFDB4D756679E /* Theme.swift */; };
		96EC7B3712CE04E72B30D78F /* MilestoneStore.swift in Sources */ = {isa = PBXBuildFile; fileRef = 4A2EAC78DCE6D4FBFD9CBD84 /* MilestoneStore.swift */; };
		9AFB90380FE66463ACB1D561 /* GoogleService-Info.plist in Resources */ = {isa = PBXBuildFile; fileRef = BAB6E2DB0EAF92411E5DF9D7 /* GoogleService-Info.plist */; };
		A10F5B8EAB21BD6A43D29CC7 /* Nunito-Variable.ttf in Resources */ = {isa = PBXBuildFile; fileRef = 0C8127E93B6D5B70FD24EB30 /* Nunito-Variable.ttf */; };
		A3D762B883211586F30B475D /* PaywallViewController.swift in Sources */ = {isa = PBXBuildFile; fileRef = 18D7E68295C3C9B0BA195AB3 /* PaywallViewController.swift */; };
		A575CFC5A496617F96E656A2 /* ResultViewController.swift in Sources */ = {isa = PBXBuildFile; fileRef = 045EACC8D63ABB75EB736DDB /* ResultViewController.swift */; };
		ACF762EEB669872A21FFF619 /* GradientPillButton.swift in Sources */ = {isa = PBXBuildFile; fileRef = 650C23104D1B350C7A6FC4B1 /* GradientPillButton.swift */; };
		ADE08F5F94BC4B386322EA1D /* SplashViewController.swift in Sources */ = {isa = PBXBuildFile; fileRef = 92DC661031709EF5F8A124E9 /* SplashViewController.swift */; };
		B28B6842C572FE3C3830A8A8 /* Quicksand-Variable.ttf in Resources */ = {isa = PBXBuildFile; fileRef = 5AAD7418AB21B909339A47B1 /* Quicksand-Variable.ttf */; };
		B2D3FA887578BABAB7FB10C5 /* CreditsService.swift in Sources */ = {isa = PBXBuildFile; fileRef = AB5E5ADA9E63E84A499201B7 /* CreditsService.swift */; };
		B41FE525ADF1784F9B0AB241 /* MainTabBarController.swift in Sources */ = {isa = PBXBuildFile; fileRef = A75301CAE2D5DCFC4E515169 /* MainTabBarController.swift */; };
		B6A8F1F45D732C43CEA9AC1E /* FirebaseMessaging in Frameworks */ = {isa = PBXBuildFile; productRef = CE9552E1A8F3EF6EC37479F2 /* FirebaseMessaging */; };
		B7DBE0ED6AA31C15AEC5B594 /* CategoryListCell.swift in Sources */ = {isa = PBXBuildFile; fileRef = DD5174FCAB01C88CAD7E4E7C /* CategoryListCell.swift */; };
		B88D7A8DEE640A39F6F4F833 /* PlanCardView.swift in Sources */ = {isa = PBXBuildFile; fileRef = DCE374D091E4F8D353D9D2B5 /* PlanCardView.swift */; };
		B8FF3B0E609467A1E24CAA74 /* HapticFeedback.swift in Sources */ = {isa = PBXBuildFile; fileRef = 781E7BF30237C3C0EDFB352F /* HapticFeedback.swift */; };
		C646C0E509D938D6E1A455C0 /* ThemeCardCell.swift in Sources */ = {isa = PBXBuildFile; fileRef = 7F48A625E7B92612094F0D3F /* ThemeCardCell.swift */; };
		C660DDE533369A4C79932F42 /* CoinPackage.swift in Sources */ = {isa = PBXBuildFile; fileRef = ED76ADBE497505557988ABC2 /* CoinPackage.swift */; };
		C8776A891601103C3EC06B52 /* GenerationLoadingViewController.swift in Sources */ = {isa = PBXBuildFile; fileRef = 58E0ABDD733E1503E3E7B30F /* GenerationLoadingViewController.swift */; };
		CCCADF412FDF8D3424402E57 /* GoogleSignIn in Frameworks */ = {isa = PBXBuildFile; productRef = 60A91B98E7246E44EF56D078 /* GoogleSignIn */; };
		CE5C91CD28A5BB002572C526 /* PageDotsView.swift in Sources */ = {isa = PBXBuildFile; fileRef = A65F1F0EAC8E2BE154A3F4CF /* PageDotsView.swift */; };
		D271597F73536994493C5042 /* CustomStyleViewController.swift in Sources */ = {isa = PBXBuildFile; fileRef = 4224CAE5CB657B6ED69449B3 /* CustomStyleViewController.swift */; };
		D478A16953376DFD4A17E3ED /* Assets.xcassets in Resources */ = {isa = PBXBuildFile; fileRef = C6C583E126E7A6CF9DB43BB7 /* Assets.xcassets */; };
		DF66B2C0F2DEA665170BCFD0 /* SubscriptionPlan.swift in Sources */ = {isa = PBXBuildFile; fileRef = ACF261CA80B88245D53F8420 /* SubscriptionPlan.swift */; };
		E2B9F342A551EDC20B1046E3 /* GalleryViewController.swift in Sources */ = {isa = PBXBuildFile; fileRef = CF2906789AA10EA365194D60 /* GalleryViewController.swift */; };
		E3204F9B36AA69FDD6394B16 /* LimitedOfferService.swift in Sources */ = {isa = PBXBuildFile; fileRef = B68349B26C3022F6579A9279 /* LimitedOfferService.swift */; };
		E75370FCAF156BDF4B2CC8DA /* ZoomableImageViewController.swift in Sources */ = {isa = PBXBuildFile; fileRef = 89D876EB6DF4D7495E8D8ED8 /* ZoomableImageViewController.swift */; };
		E88C8BB863DC8A134ECDA780 /* RevenueCatService.swift in Sources */ = {isa = PBXBuildFile; fileRef = F5879ACF5F2BEC2B50AABEEE /* RevenueCatService.swift */; };
		EADE74FE82A4B76FD8D5721A /* CoinPackageCell.swift in Sources */ = {isa = PBXBuildFile; fileRef = FDEA08C6DD7D874B6C782454 /* CoinPackageCell.swift */; };
		EF305336DDEB457EC55B2E1D /* FaceCheck.swift in Sources */ = {isa = PBXBuildFile; fileRef = 9D904EC7447C3F2DB23648CC /* FaceCheck.swift */; };
		F16D17C73BB8F68BCD32281D /* PassThroughStackView.swift in Sources */ = {isa = PBXBuildFile; fileRef = E722723E6C92AE782EA83279 /* PassThroughStackView.swift */; };
		F240B8750E7CFDF78C822953 /* PhotoUploadViewController.swift in Sources */ = {isa = PBXBuildFile; fileRef = B05772657177A97F85C5741F /* PhotoUploadViewController.swift */; };
/* End PBXBuildFile section */

/* Begin PBXFileReference section */
		01D82E84AC77F56FF0B53FFA /* OnboardingPageViewController.swift */ = {isa = PBXFileReference; lastKnownFileType = sourcecode.swift; path = OnboardingPageViewController.swift; sourceTree = "<group>"; };
		045EACC8D63ABB75EB736DDB /* ResultViewController.swift */ = {isa = PBXFileReference; lastKnownFileType = sourcecode.swift; path = ResultViewController.swift; sourceTree = "<group>"; };
		09F529CCEF63C31A8B23AD98 /* AppDelegate.swift */ = {isa = PBXFileReference; lastKnownFileType = sourcecode.swift; path = AppDelegate.swift; sourceTree = "<group>"; };
		0C8127E93B6D5B70FD24EB30 /* Nunito-Variable.ttf */ = {isa = PBXFileReference; lastKnownFileType = file; path = "Nunito-Variable.ttf"; sourceTree = "<group>"; };
		10E2CC2727250F73C84155DF /* LegalDocumentViewController.swift */ = {isa = PBXFileReference; lastKnownFileType = sourcecode.swift; path = LegalDocumentViewController.swift; sourceTree = "<group>"; };
		18D7E68295C3C9B0BA195AB3 /* PaywallViewController.swift */ = {isa = PBXFileReference; lastKnownFileType = sourcecode.swift; path = PaywallViewController.swift; sourceTree = "<group>"; };
		2912CC63C6E345709B5F9019 /* PaddedLabel.swift */ = {isa = PBXFileReference; lastKnownFileType = sourcecode.swift; path = PaddedLabel.swift; sourceTree = "<group>"; };
		2C9E089CFB1B50604ECD1ED4 /* LimitedOfferPopupViewController.swift */ = {isa = PBXFileReference; lastKnownFileType = sourcecode.swift; path = LimitedOfferPopupViewController.swift; sourceTree = "<group>"; };
		2F0AEC1378A3E1C779D987B6 /* GenerationService.swift */ = {isa = PBXFileReference; lastKnownFileType = sourcecode.swift; path = GenerationService.swift; sourceTree = "<group>"; };
		31A54B59B4A755B9D53423BB /* CategoryStylesViewController.swift */ = {isa = PBXFileReference; lastKnownFileType = sourcecode.swift; path = CategoryStylesViewController.swift; sourceTree = "<group>"; };
		33710312F2AFFDB4D756679E /* Theme.swift */ = {isa = PBXFileReference; lastKnownFileType = sourcecode.swift; path = Theme.swift; sourceTree = "<group>"; };
		39809759245896589A20F080 /* ThemeCategory.swift */ = {isa = PBXFileReference; lastKnownFileType = sourcecode.swift; path = ThemeCategory.swift; sourceTree = "<group>"; };
		4224CAE5CB657B6ED69449B3 /* CustomStyleViewController.swift */ = {isa = PBXFileReference; lastKnownFileType = sourcecode.swift; path = CustomStyleViewController.swift; sourceTree = "<group>"; };
		4A2EAC78DCE6D4FBFD9CBD84 /* MilestoneStore.swift */ = {isa = PBXFileReference; lastKnownFileType = sourcecode.swift; path = MilestoneStore.swift; sourceTree = "<group>"; };
		51B44B0080ECB1C7E4E3AC29 /* MilestoneListsViewController.swift */ = {isa = PBXFileReference; lastKnownFileType = sourcecode.swift; path = MilestoneListsViewController.swift; sourceTree = "<group>"; };
		548B61AFFA7C1482FB5B77B8 /* ProfileViewController.swift */ = {isa = PBXFileReference; lastKnownFileType = sourcecode.swift; path = ProfileViewController.swift; sourceTree = "<group>"; };
		571D36BC1C1F4D51E4C4F4B2 /* OnboardingContainerViewController.swift */ = {isa = PBXFileReference; lastKnownFileType = sourcecode.swift; path = OnboardingContainerViewController.swift; sourceTree = "<group>"; };
		58E0ABDD733E1503E3E7B30F /* GenerationLoadingViewController.swift */ = {isa = PBXFileReference; lastKnownFileType = sourcecode.swift; path = GenerationLoadingViewController.swift; sourceTree = "<group>"; };
		5A8BF08F841E1AA95C6083A5 /* FavoritesService.swift */ = {isa = PBXFileReference; lastKnownFileType = sourcecode.swift; path = FavoritesService.swift; sourceTree = "<group>"; };
		5AAD7418AB21B909339A47B1 /* Quicksand-Variable.ttf */ = {isa = PBXFileReference; lastKnownFileType = file; path = "Quicksand-Variable.ttf"; sourceTree = "<group>"; };
		5D2494F1E8DEDAC22CB992D0 /* MilestoneDetailViewController.swift */ = {isa = PBXFileReference; lastKnownFileType = sourcecode.swift; path = MilestoneDetailViewController.swift; sourceTree = "<group>"; };
		650C23104D1B350C7A6FC4B1 /* GradientPillButton.swift */ = {isa = PBXFileReference; lastKnownFileType = sourcecode.swift; path = GradientPillButton.swift; sourceTree = "<group>"; };
		677D2EE43C0A50451D4561FD /* ThemeCard.swift */ = {isa = PBXFileReference; lastKnownFileType = sourcecode.swift; path = ThemeCard.swift; sourceTree = "<group>"; };
		69FCED30A8A30320D88603AB /* HomeViewController.swift */ = {isa = PBXFileReference; lastKnownFileType = sourcecode.swift; path = HomeViewController.swift; sourceTree = "<group>"; };
		723F5C8EF66A78375A1A5C78 /* OnboardingPage.swift */ = {isa = PBXFileReference; lastKnownFileType = sourcecode.swift; path = OnboardingPage.swift; sourceTree = "<group>"; };
		731D217EC357D10BBD06523A /* AppCoordinator.swift */ = {isa = PBXFileReference; lastKnownFileType = sourcecode.swift; path = AppCoordinator.swift; sourceTree = "<group>"; };
		781E7BF30237C3C0EDFB352F /* HapticFeedback.swift */ = {isa = PBXFileReference; lastKnownFileType = sourcecode.swift; path = HapticFeedback.swift; sourceTree = "<group>"; };
		7F48A625E7B92612094F0D3F /* ThemeCardCell.swift */ = {isa = PBXFileReference; lastKnownFileType = sourcecode.swift; path = ThemeCardCell.swift; sourceTree = "<group>"; };
		857546B658B167E382FAD549 /* MilestoneCaptureViewController.swift */ = {isa = PBXFileReference; lastKnownFileType = sourcecode.swift; path = MilestoneCaptureViewController.swift; sourceTree = "<group>"; };
		89D876EB6DF4D7495E8D8ED8 /* ZoomableImageViewController.swift */ = {isa = PBXFileReference; lastKnownFileType = sourcecode.swift; path = ZoomableImageViewController.swift; sourceTree = "<group>"; };
		92DC661031709EF5F8A124E9 /* SplashViewController.swift */ = {isa = PBXFileReference; lastKnownFileType = sourcecode.swift; path = SplashViewController.swift; sourceTree = "<group>"; };
		93ACE1F0B40459299792B34A /* RemoteImageLoader.swift */ = {isa = PBXFileReference; lastKnownFileType = sourcecode.swift; path = RemoteImageLoader.swift; sourceTree = "<group>"; };
		97EBB6079D2A7C5116B5FB33 /* MilestoneListDetailViewController.swift */ = {isa = PBXFileReference; lastKnownFileType = sourcecode.swift; path = MilestoneListDetailViewController.swift; sourceTree = "<group>"; };
		9D09D30B6E4175F7B9EED2F0 /* AuthService.swift */ = {isa = PBXFileReference; lastKnownFileType = sourcecode.swift; path = AuthService.swift; sourceTree = "<group>"; };
		9D904EC7447C3F2DB23648CC /* FaceCheck.swift */ = {isa = PBXFileReference; lastKnownFileType = sourcecode.swift; path = FaceCheck.swift; sourceTree = "<group>"; };
		A2252ECD08EF287944198F72 /* ThemeService.swift */ = {isa = PBXFileReference; lastKnownFileType = sourcecode.swift; path = ThemeService.swift; sourceTree = "<group>"; };
		A65F1F0EAC8E2BE154A3F4CF /* PageDotsView.swift */ = {isa = PBXFileReference; lastKnownFileType = sourcecode.swift; path = PageDotsView.swift; sourceTree = "<group>"; };
		A75301CAE2D5DCFC4E515169 /* MainTabBarController.swift */ = {isa = PBXFileReference; lastKnownFileType = sourcecode.swift; path = MainTabBarController.swift; sourceTree = "<group>"; };
		A9AA301847962C8D5E2AB2F2 /* MilestoneRemoteStore.swift */ = {isa = PBXFileReference; lastKnownFileType = sourcecode.swift; path = MilestoneRemoteStore.swift; sourceTree = "<group>"; };
		AB5E5ADA9E63E84A499201B7 /* CreditsService.swift */ = {isa = PBXFileReference; lastKnownFileType = sourcecode.swift; path = CreditsService.swift; sourceTree = "<group>"; };
		ACF261CA80B88245D53F8420 /* SubscriptionPlan.swift */ = {isa = PBXFileReference; lastKnownFileType = sourcecode.swift; path = SubscriptionPlan.swift; sourceTree = "<group>"; };
		B05772657177A97F85C5741F /* PhotoUploadViewController.swift */ = {isa = PBXFileReference; lastKnownFileType = sourcecode.swift; path = PhotoUploadViewController.swift; sourceTree = "<group>"; };
		B68349B26C3022F6579A9279 /* LimitedOfferService.swift */ = {isa = PBXFileReference; lastKnownFileType = sourcecode.swift; path = LimitedOfferService.swift; sourceTree = "<group>"; };
		BAB6E2DB0EAF92411E5DF9D7 /* GoogleService-Info.plist */ = {isa = PBXFileReference; lastKnownFileType = text.plist; path = "GoogleService-Info.plist"; sourceTree = "<group>"; };
		C6C583E126E7A6CF9DB43BB7 /* Assets.xcassets */ = {isa = PBXFileReference; lastKnownFileType = folder.assetcatalog; path = Assets.xcassets; sourceTree = "<group>"; };
		CF2906789AA10EA365194D60 /* GalleryViewController.swift */ = {isa = PBXFileReference; lastKnownFileType = sourcecode.swift; path = GalleryViewController.swift; sourceTree = "<group>"; };
		CFC08B8E2A5886007925282F /* Generation.swift */ = {isa = PBXFileReference; lastKnownFileType = sourcecode.swift; path = Generation.swift; sourceTree = "<group>"; };
		D19CCDF721E36711C5C2F478 /* CoinPackageViewController.swift */ = {isa = PBXFileReference; lastKnownFileType = sourcecode.swift; path = CoinPackageViewController.swift; sourceTree = "<group>"; };
		DCE374D091E4F8D353D9D2B5 /* PlanCardView.swift */ = {isa = PBXFileReference; lastKnownFileType = sourcecode.swift; path = PlanCardView.swift; sourceTree = "<group>"; };
		DD5174FCAB01C88CAD7E4E7C /* CategoryListCell.swift */ = {isa = PBXFileReference; lastKnownFileType = sourcecode.swift; path = CategoryListCell.swift; sourceTree = "<group>"; };
		DFF46652604012C1A364D782 /* CreateYourOwnStyleCell.swift */ = {isa = PBXFileReference; lastKnownFileType = sourcecode.swift; path = CreateYourOwnStyleCell.swift; sourceTree = "<group>"; };
		E722723E6C92AE782EA83279 /* PassThroughStackView.swift */ = {isa = PBXFileReference; lastKnownFileType = sourcecode.swift; path = PassThroughStackView.swift; sourceTree = "<group>"; };
		ECA57E93405E32339B219BC6 /* FaceDetectionService.swift */ = {isa = PBXFileReference; lastKnownFileType = sourcecode.swift; path = FaceDetectionService.swift; sourceTree = "<group>"; };
		ED76ADBE497505557988ABC2 /* CoinPackage.swift */ = {isa = PBXFileReference; lastKnownFileType = sourcecode.swift; path = CoinPackage.swift; sourceTree = "<group>"; };
		EFF5C9D3E57E0B14666A51E6 /* NewbornStudio.app */ = {isa = PBXFileReference; includeInIndex = 0; lastKnownFileType = wrapper.application; path = NewbornStudio.app; sourceTree = BUILT_PRODUCTS_DIR; };
		F004B5EC583D5D6EAF640DD8 /* SceneDelegate.swift */ = {isa = PBXFileReference; lastKnownFileType = sourcecode.swift; path = SceneDelegate.swift; sourceTree = "<group>"; };
		F5879ACF5F2BEC2B50AABEEE /* RevenueCatService.swift */ = {isa = PBXFileReference; lastKnownFileType = sourcecode.swift; path = RevenueCatService.swift; sourceTree = "<group>"; };
		FDEA08C6DD7D874B6C782454 /* CoinPackageCell.swift */ = {isa = PBXFileReference; lastKnownFileType = sourcecode.swift; path = CoinPackageCell.swift; sourceTree = "<group>"; };
		FF642C9515BCC467F834E8B4 /* Milestone.swift */ = {isa = PBXFileReference; lastKnownFileType = sourcecode.swift; path = Milestone.swift; sourceTree = "<group>"; };
/* End PBXFileReference section */

/* Begin PBXFrameworksBuildPhase section */
		74AEE8A7B83443EB0446A432 /* Frameworks */ = {
			isa = PBXFrameworksBuildPhase;
			buildActionMask = 2147483647;
			files = (
				423AF0CEEC10B36DDFDC69A2 /* FirebaseCore in Frameworks */,
				407AEA6DD0C6F9ECA403C209 /* FirebaseAuth in Frameworks */,
				4B0A8765F67962890859A60C /* FirebaseFirestore in Frameworks */,
				848081CB357AED00BB173314 /* FirebaseStorage in Frameworks */,
				867F71C7DE4FFBEBC3B81FFA /* FirebaseFunctions in Frameworks */,
				B6A8F1F45D732C43CEA9AC1E /* FirebaseMessaging in Frameworks */,
				CCCADF412FDF8D3424402E57 /* GoogleSignIn in Frameworks */,
				19E6BEFCE889FDA0C800D8B7 /* RevenueCat in Frameworks */,
			);
			runOnlyForDeploymentPostprocessing = 0;
		};
/* End PBXFrameworksBuildPhase section */

/* Begin PBXGroup section */
		0D666D4B1648B19210B9938A /* Coins */ = {
			isa = PBXGroup;
			children = (
				FDEA08C6DD7D874B6C782454 /* CoinPackageCell.swift */,
				D19CCDF721E36711C5C2F478 /* CoinPackageViewController.swift */,
				2C9E089CFB1B50604ECD1ED4 /* LimitedOfferPopupViewController.swift */,
			);
			path = Coins;
			sourceTree = "<group>";
		};
		2C784FAEA2AFA15AB141963A /* Result */ = {
			isa = PBXGroup;
			children = (
				045EACC8D63ABB75EB736DDB /* ResultViewController.swift */,
				89D876EB6DF4D7495E8D8ED8 /* ZoomableImageViewController.swift */,
			);
			path = Result;
			sourceTree = "<group>";
		};
		355EE2FFC8252B255A6F0E27 /* Profile */ = {
			isa = PBXGroup;
			children = (
				10E2CC2727250F73C84155DF /* LegalDocumentViewController.swift */,
				548B61AFFA7C1482FB5B77B8 /* ProfileViewController.swift */,
			);
			path = Profile;
			sourceTree = "<group>";
		};
		370D458D4DACCA356BBB9E7E /* Milestones */ = {
			isa = PBXGroup;
			children = (
				857546B658B167E382FAD549 /* MilestoneCaptureViewController.swift */,
				5D2494F1E8DEDAC22CB992D0 /* MilestoneDetailViewController.swift */,
				97EBB6079D2A7C5116B5FB33 /* MilestoneListDetailViewController.swift */,
				51B44B0080ECB1C7E4E3AC29 /* MilestoneListsViewController.swift */,
			);
			path = Milestones;
			sourceTree = "<group>";
		};
		3B5674628942BBDC0F55F9F4 /* Splash */ = {
			isa = PBXGroup;
			children = (
				92DC661031709EF5F8A124E9 /* SplashViewController.swift */,
			);
			path = Splash;
			sourceTree = "<group>";
		};
		46F9D0623F43AE201F3CC322 /* Models */ = {
			isa = PBXGroup;
			children = (
				ED76ADBE497505557988ABC2 /* CoinPackage.swift */,
				CFC08B8E2A5886007925282F /* Generation.swift */,
				FF642C9515BCC467F834E8B4 /* Milestone.swift */,
				ACF261CA80B88245D53F8420 /* SubscriptionPlan.swift */,
				677D2EE43C0A50451D4561FD /* ThemeCard.swift */,
				39809759245896589A20F080 /* ThemeCategory.swift */,
			);
			path = Models;
			sourceTree = "<group>";
		};
		4D8854DA3FC0326C61CD41A1 /* PhotoUpload */ = {
			isa = PBXGroup;
			children = (
				B05772657177A97F85C5741F /* PhotoUploadViewController.swift */,
			);
			path = PhotoUpload;
			sourceTree = "<group>";
		};
		4E487D35150FB764C9C87036 /* Features */ = {
			isa = PBXGroup;
			children = (
				0D666D4B1648B19210B9938A /* Coins */,
				77BB16A96F6ECC4C028456C9 /* Generation */,
				9532FA1F2D5A1606829BEFD0 /* Home */,
				F582387770879100AD5AD190 /* Main */,
				370D458D4DACCA356BBB9E7E /* Milestones */,
				DD13FBEAD0E8358B4DA85336 /* Onboarding */,
				BCD367DA7396EF18F041D8D4 /* Paywall */,
				4D8854DA3FC0326C61CD41A1 /* PhotoUpload */,
				355EE2FFC8252B255A6F0E27 /* Profile */,
				2C784FAEA2AFA15AB141963A /* Result */,
				3B5674628942BBDC0F55F9F4 /* Splash */,
			);
			path = Features;
			sourceTree = "<group>";
		};
		511B9620ECC5FE6BD61B0E84 /* Resources */ = {
			isa = PBXGroup;
			children = (
				C6C583E126E7A6CF9DB43BB7 /* Assets.xcassets */,
				BAB6E2DB0EAF92411E5DF9D7 /* GoogleService-Info.plist */,
				B4803ED4B390AFE0045BEB47 /* Fonts */,
			);
			path = Resources;
			sourceTree = "<group>";
		};
		604EBF210B7C830FAFEF1D17 /* Services */ = {
			isa = PBXGroup;
			children = (
				9D09D30B6E4175F7B9EED2F0 /* AuthService.swift */,
				AB5E5ADA9E63E84A499201B7 /* CreditsService.swift */,
				9D904EC7447C3F2DB23648CC /* FaceCheck.swift */,
				ECA57E93405E32339B219BC6 /* FaceDetectionService.swift */,
				5A8BF08F841E1AA95C6083A5 /* FavoritesService.swift */,
				2F0AEC1378A3E1C779D987B6 /* GenerationService.swift */,
				B68349B26C3022F6579A9279 /* LimitedOfferService.swift */,
				A9AA301847962C8D5E2AB2F2 /* MilestoneRemoteStore.swift */,
				4A2EAC78DCE6D4FBFD9CBD84 /* MilestoneStore.swift */,
				93ACE1F0B40459299792B34A /* RemoteImageLoader.swift */,
				F5879ACF5F2BEC2B50AABEEE /* RevenueCatService.swift */,
				A2252ECD08EF287944198F72 /* ThemeService.swift */,
			);
			path = Services;
			sourceTree = "<group>";
		};
		77BB16A96F6ECC4C028456C9 /* Generation */ = {
			isa = PBXGroup;
			children = (
				58E0ABDD733E1503E3E7B30F /* GenerationLoadingViewController.swift */,
			);
			path = Generation;
			sourceTree = "<group>";
		};
		927A22F4918812DAB092D63C /* Products */ = {
			isa = PBXGroup;
			children = (
				EFF5C9D3E57E0B14666A51E6 /* NewbornStudio.app */,
			);
			name = Products;
			sourceTree = "<group>";
		};
		9532FA1F2D5A1606829BEFD0 /* Home */ = {
			isa = PBXGroup;
			children = (
				DD5174FCAB01C88CAD7E4E7C /* CategoryListCell.swift */,
				31A54B59B4A755B9D53423BB /* CategoryStylesViewController.swift */,
				DFF46652604012C1A364D782 /* CreateYourOwnStyleCell.swift */,
				4224CAE5CB657B6ED69449B3 /* CustomStyleViewController.swift */,
				CF2906789AA10EA365194D60 /* GalleryViewController.swift */,
				69FCED30A8A30320D88603AB /* HomeViewController.swift */,
				7F48A625E7B92612094F0D3F /* ThemeCardCell.swift */,
			);
			path = Home;
			sourceTree = "<group>";
		};
		B32BFBA98F29E98ED5193536 /* Views */ = {
			isa = PBXGroup;
			children = (
				650C23104D1B350C7A6FC4B1 /* GradientPillButton.swift */,
				2912CC63C6E345709B5F9019 /* PaddedLabel.swift */,
				A65F1F0EAC8E2BE154A3F4CF /* PageDotsView.swift */,
				E722723E6C92AE782EA83279 /* PassThroughStackView.swift */,
			);
			path = Views;
			sourceTree = "<group>";
		};
		B4803ED4B390AFE0045BEB47 /* Fonts */ = {
			isa = PBXGroup;
			children = (
				0C8127E93B6D5B70FD24EB30 /* Nunito-Variable.ttf */,
				5AAD7418AB21B909339A47B1 /* Quicksand-Variable.ttf */,
			);
			path = Fonts;
			sourceTree = "<group>";
		};
		B9B362DFE2278DDF7D1D0565 /* NewbornStudio */ = {
			isa = PBXGroup;
			children = (
				511B9620ECC5FE6BD61B0E84 /* Resources */,
				CA2D22ADF55461764D903C46 /* Sources */,
			);
			path = NewbornStudio;
			sourceTree = "<group>";
		};
		BCD367DA7396EF18F041D8D4 /* Paywall */ = {
			isa = PBXGroup;
			children = (
				18D7E68295C3C9B0BA195AB3 /* PaywallViewController.swift */,
				DCE374D091E4F8D353D9D2B5 /* PlanCardView.swift */,
			);
			path = Paywall;
			sourceTree = "<group>";
		};
		C6A1ACC9BCCD49EF6A36453D = {
			isa = PBXGroup;
			children = (
				B9B362DFE2278DDF7D1D0565 /* NewbornStudio */,
				927A22F4918812DAB092D63C /* Products */,
			);
			sourceTree = "<group>";
		};
		CA2D22ADF55461764D903C46 /* Sources */ = {
			isa = PBXGroup;
			children = (
				D3E84D030461F9F3AE158A25 /* App */,
				4E487D35150FB764C9C87036 /* Features */,
				46F9D0623F43AE201F3CC322 /* Models */,
				604EBF210B7C830FAFEF1D17 /* Services */,
				B32BFBA98F29E98ED5193536 /* Views */,
			);
			path = Sources;
			sourceTree = "<group>";
		};
		D3E84D030461F9F3AE158A25 /* App */ = {
			isa = PBXGroup;
			children = (
				731D217EC357D10BBD06523A /* AppCoordinator.swift */,
				09F529CCEF63C31A8B23AD98 /* AppDelegate.swift */,
				781E7BF30237C3C0EDFB352F /* HapticFeedback.swift */,
				F004B5EC583D5D6EAF640DD8 /* SceneDelegate.swift */,
				33710312F2AFFDB4D756679E /* Theme.swift */,
			);
			path = App;
			sourceTree = "<group>";
		};
		DD13FBEAD0E8358B4DA85336 /* Onboarding */ = {
			isa = PBXGroup;
			children = (
				571D36BC1C1F4D51E4C4F4B2 /* OnboardingContainerViewController.swift */,
				723F5C8EF66A78375A1A5C78 /* OnboardingPage.swift */,
				01D82E84AC77F56FF0B53FFA /* OnboardingPageViewController.swift */,
			);
			path = Onboarding;
			sourceTree = "<group>";
		};
		F582387770879100AD5AD190 /* Main */ = {
			isa = PBXGroup;
			children = (
				A75301CAE2D5DCFC4E515169 /* MainTabBarController.swift */,
			);
			path = Main;
			sourceTree = "<group>";
		};
/* End PBXGroup section */

/* Begin PBXNativeTarget section */
		0F1534D6A0628EF8CD38169D /* NewbornStudio */ = {
			isa = PBXNativeTarget;
			buildConfigurationList = 01B4102F5BA956ADBC43334C /* Build configuration list for PBXNativeTarget "NewbornStudio" */;
			buildPhases = (
				1AEF086E77B9312CA45E1E32 /* Sources */,
				C72D864D20B0CCFC9BD0DA95 /* Resources */,
				74AEE8A7B83443EB0446A432 /* Frameworks */,
			);
			buildRules = (
			);
			dependencies = (
			);
			name = NewbornStudio;
			packageProductDependencies = (
				513939B4DE09955E9FCD3746 /* FirebaseCore */,
				9E46D0EFAC0384D4EBD59E80 /* FirebaseAuth */,
				A76CDB5F21897BE615473238 /* FirebaseFirestore */,
				9A0D8D69C677AA06E26C7A96 /* FirebaseStorage */,
				5499EA09F4C6C0E34CF10CEA /* FirebaseFunctions */,
				CE9552E1A8F3EF6EC37479F2 /* FirebaseMessaging */,
				60A91B98E7246E44EF56D078 /* GoogleSignIn */,
				07682BE50C2C84C3B373157D /* RevenueCat */,
			);
			productName = NewbornStudio;
			productReference = EFF5C9D3E57E0B14666A51E6 /* NewbornStudio.app */;
			productType = "com.apple.product-type.application";
		};
/* End PBXNativeTarget section */

/* Begin PBXProject section */
		D48D2FC09902917AA19B5D12 /* Project object */ = {
			isa = PBXProject;
			attributes = {
				BuildIndependentTargetsInParallel = YES;
				LastUpgradeCheck = 1430;
				TargetAttributes = {
					0F1534D6A0628EF8CD38169D = {
						DevelopmentTeam = "";
						ProvisioningStyle = Automatic;
					};
				};
			};
			buildConfigurationList = F578FC3A0C2325491B3AA0C4 /* Build configuration list for PBXProject "NewbornStudio" */;
			developmentRegion = en;
			hasScannedForEncodings = 0;
			knownRegions = (
				Base,
				en,
			);
			mainGroup = C6A1ACC9BCCD49EF6A36453D;
			minimizedProjectReferenceProxies = 1;
			packageReferences = (
				D3C7CFCBA3ED5A771EBA4E03 /* XCRemoteSwiftPackageReference "firebase-ios-sdk" */,
				A5BB6F39475326358FCA4994 /* XCRemoteSwiftPackageReference "GoogleSignIn-iOS" */,
				597602412AC9E8661C25C1B6 /* XCRemoteSwiftPackageReference "purchases-ios" */,
			);
			preferredProjectObjectVersion = 77;
			productRefGroup = 927A22F4918812DAB092D63C /* Products */;
			projectDirPath = "";
			projectRoot = "";
			targets = (
				0F1534D6A0628EF8CD38169D /* NewbornStudio */,
			);
		};
/* End PBXProject section */

/* Begin PBXResourcesBuildPhase section */
		C72D864D20B0CCFC9BD0DA95 /* Resources */ = {
			isa = PBXResourcesBuildPhase;
			buildActionMask = 2147483647;
			files = (
				D478A16953376DFD4A17E3ED /* Assets.xcassets in Resources */,
				9AFB90380FE66463ACB1D561 /* GoogleService-Info.plist in Resources */,
				A10F5B8EAB21BD6A43D29CC7 /* Nunito-Variable.ttf in Resources */,
				B28B6842C572FE3C3830A8A8 /* Quicksand-Variable.ttf in Resources */,
			);
			runOnlyForDeploymentPostprocessing = 0;
		};
/* End PBXResourcesBuildPhase section */

/* Begin PBXSourcesBuildPhase section */
		1AEF086E77B9312CA45E1E32 /* Sources */ = {
			isa = PBXSourcesBuildPhase;
			buildActionMask = 2147483647;
			files = (
				55C0E9E8D8B596F935372A4F /* AppCoordinator.swift in Sources */,
				03B2237BFFDBADEA8DF8A5ED /* AppDelegate.swift in Sources */,
				082C4B9A5684891B87111C26 /* AuthService.swift in Sources */,
				B7DBE0ED6AA31C15AEC5B594 /* CategoryListCell.swift in Sources */,
				1C993D004C875CCC89B33DB3 /* CategoryStylesViewController.swift in Sources */,
				C660DDE533369A4C79932F42 /* CoinPackage.swift in Sources */,
				EADE74FE82A4B76FD8D5721A /* CoinPackageCell.swift in Sources */,
				88CCB4F182212328974B04E4 /* CoinPackageViewController.swift in Sources */,
				563A13B7689A72132CBE6986 /* CreateYourOwnStyleCell.swift in Sources */,
				B2D3FA887578BABAB7FB10C5 /* CreditsService.swift in Sources */,
				D271597F73536994493C5042 /* CustomStyleViewController.swift in Sources */,
				EF305336DDEB457EC55B2E1D /* FaceCheck.swift in Sources */,
				396C24B851221F8C074B80F4 /* FaceDetectionService.swift in Sources */,
				2B3C0865CCEFF10B2E1178E2 /* FavoritesService.swift in Sources */,
				E2B9F342A551EDC20B1046E3 /* GalleryViewController.swift in Sources */,
				708478A6299AB9DA0DAC810D /* Generation.swift in Sources */,
				C8776A891601103C3EC06B52 /* GenerationLoadingViewController.swift in Sources */,
				4A0BB859F9403CB20DE527E6 /* GenerationService.swift in Sources */,
				ACF762EEB669872A21FFF619 /* GradientPillButton.swift in Sources */,
				B8FF3B0E609467A1E24CAA74 /* HapticFeedback.swift in Sources */,
				2B3825A1040995155892DB94 /* HomeViewController.swift in Sources */,
				609C3425900374E6A62AEC58 /* LegalDocumentViewController.swift in Sources */,
				65857A19D43A9D37613D935C /* LimitedOfferPopupViewController.swift in Sources */,
				E3204F9B36AA69FDD6394B16 /* LimitedOfferService.swift in Sources */,
				B41FE525ADF1784F9B0AB241 /* MainTabBarController.swift in Sources */,
				0A96BA11249ED5B740C24212 /* Milestone.swift in Sources */,
				28A806F9670B540281834B19 /* MilestoneCaptureViewController.swift in Sources */,
				25067E8B66832B57882F3D21 /* MilestoneDetailViewController.swift in Sources */,
				725E6337D84AC0B30945A578 /* MilestoneListDetailViewController.swift in Sources */,
				26909D3088168DF6959E8D22 /* MilestoneListsViewController.swift in Sources */,
				6C40640A16B28C3C2832FCC0 /* MilestoneRemoteStore.swift in Sources */,
				96EC7B3712CE04E72B30D78F /* MilestoneStore.swift in Sources */,
				3D82FAA48CE9715BF31C007C /* OnboardingContainerViewController.swift in Sources */,
				1C305EF571A030C84CCD2B9F /* OnboardingPage.swift in Sources */,
				65B4BD6EDDB3F7DDFBA647D6 /* OnboardingPageViewController.swift in Sources */,
				0697F0E77483FFC91E970CC5 /* PaddedLabel.swift in Sources */,
				CE5C91CD28A5BB002572C526 /* PageDotsView.swift in Sources */,
				F16D17C73BB8F68BCD32281D /* PassThroughStackView.swift in Sources */,
				A3D762B883211586F30B475D /* PaywallViewController.swift in Sources */,
				F240B8750E7CFDF78C822953 /* PhotoUploadViewController.swift in Sources */,
				B88D7A8DEE640A39F6F4F833 /* PlanCardView.swift in Sources */,
				477855ED8306D46270F09B4F /* ProfileViewController.swift in Sources */,
				358DE3B132AF9A93CA69FABA /* RemoteImageLoader.swift in Sources */,
				A575CFC5A496617F96E656A2 /* ResultViewController.swift in Sources */,
				E88C8BB863DC8A134ECDA780 /* RevenueCatService.swift in Sources */,
				0B8F57D37A271FB28331A2BE /* SceneDelegate.swift in Sources */,
				ADE08F5F94BC4B386322EA1D /* SplashViewController.swift in Sources */,
				DF66B2C0F2DEA665170BCFD0 /* SubscriptionPlan.swift in Sources */,
				94FD16A2149F5302AD599136 /* Theme.swift in Sources */,
				1EB9D11353340D5C62E14CF7 /* ThemeCard.swift in Sources */,
				C646C0E509D938D6E1A455C0 /* ThemeCardCell.swift in Sources */,
				23CEF94056FF8C2F545F5BA5 /* ThemeCategory.swift in Sources */,
				24ECD51C45E858C57D974648 /* ThemeService.swift in Sources */,
				E75370FCAF156BDF4B2CC8DA /* ZoomableImageViewController.swift in Sources */,
			);
			runOnlyForDeploymentPostprocessing = 0;
		};
/* End PBXSourcesBuildPhase section */

/* Begin XCBuildConfiguration section */
		3EC1C5713F47CCDC54406AF1 /* Release */ = {
			isa = XCBuildConfiguration;
			buildSettings = {
				ASSETCATALOG_COMPILER_APPICON_NAME = AppIcon;
				ASSETCATALOG_COMPILER_GLOBAL_ACCENT_COLOR_NAME = AccentColor;
				CODE_SIGN_IDENTITY = "iPhone Developer";
				CODE_SIGN_STYLE = Automatic;
				CURRENT_PROJECT_VERSION = 1;
				DEVELOPMENT_TEAM = "";
				GENERATE_INFOPLIST_FILE = NO;
				INFOPLIST_FILE = NewbornStudio/Resources/Info.plist;
				IPHONEOS_DEPLOYMENT_TARGET = 15.0;
				LD_RUNPATH_SEARCH_PATHS = (
					"$(inherited)",
					"@executable_path/Frameworks",
				);
				MARKETING_VERSION = 1.0.0;
				PRODUCT_BUNDLE_IDENTIFIER = com.NewbornStudio;
				PRODUCT_NAME = NewbornStudio;
				SDKROOT = iphoneos;
				SWIFT_VERSION = 5.0;
				TARGETED_DEVICE_FAMILY = 1;
			};
			name = Release;
		};
		7C5A258B158F609670331F6D /* Debug */ = {
			isa = XCBuildConfiguration;
			buildSettings = {
				ASSETCATALOG_COMPILER_APPICON_NAME = AppIcon;
				ASSETCATALOG_COMPILER_GLOBAL_ACCENT_COLOR_NAME = AccentColor;
				CODE_SIGN_IDENTITY = "iPhone Developer";
				CODE_SIGN_STYLE = Automatic;
				CURRENT_PROJECT_VERSION = 1;
				DEVELOPMENT_TEAM = "";
				GENERATE_INFOPLIST_FILE = NO;
				INFOPLIST_FILE = NewbornStudio/Resources/Info.plist;
				IPHONEOS_DEPLOYMENT_TARGET = 15.0;
				LD_RUNPATH_SEARCH_PATHS = (
					"$(inherited)",
					"@executable_path/Frameworks",
				);
				MARKETING_VERSION = 1.0.0;
				PRODUCT_BUNDLE_IDENTIFIER = com.NewbornStudio;
				PRODUCT_NAME = NewbornStudio;
				SDKROOT = iphoneos;
				SWIFT_VERSION = 5.0;
				TARGETED_DEVICE_FAMILY = 1;
			};
			name = Debug;
		};
		C7DC9F8C512CD2C5F3E9592A /* Release */ = {
			isa = XCBuildConfiguration;
			buildSettings = {
				ALWAYS_SEARCH_USER_PATHS = NO;
				CLANG_ANALYZER_NONNULL = YES;
				CLANG_ANALYZER_NUMBER_OBJECT_CONVERSION = YES_AGGRESSIVE;
				CLANG_CXX_LANGUAGE_STANDARD = "gnu++14";
				CLANG_CXX_LIBRARY = "libc++";
				CLANG_ENABLE_MODULES = YES;
				CLANG_ENABLE_OBJC_ARC = YES;
				CLANG_ENABLE_OBJC_WEAK = YES;
				CLANG_WARN_BLOCK_CAPTURE_AUTORELEASING = YES;
				CLANG_WARN_BOOL_CONVERSION = YES;
				CLANG_WARN_COMMA = YES;
				CLANG_WARN_CONSTANT_CONVERSION = YES;
				CLANG_WARN_DEPRECATED_OBJC_IMPLEMENTATIONS = YES;
				CLANG_WARN_DIRECT_OBJC_ISA_USAGE = YES_ERROR;
				CLANG_WARN_DOCUMENTATION_COMMENTS = YES;
				CLANG_WARN_EMPTY_BODY = YES;
				CLANG_WARN_ENUM_CONVERSION = YES;
				CLANG_WARN_INFINITE_RECURSION = YES;
				CLANG_WARN_INT_CONVERSION = YES;
				CLANG_WARN_NON_LITERAL_NULL_CONVERSION = YES;
				CLANG_WARN_OBJC_IMPLICIT_RETAIN_SELF = YES;
				CLANG_WARN_OBJC_LITERAL_CONVERSION = YES;
				CLANG_WARN_OBJC_ROOT_CLASS = YES_ERROR;
				CLANG_WARN_QUOTED_INCLUDE_IN_FRAMEWORK_HEADER = YES;
				CLANG_WARN_RANGE_LOOP_ANALYSIS = YES;
				CLANG_WARN_STRICT_PROTOTYPES = YES;
				CLANG_WARN_SUSPICIOUS_MOVE = YES;
				CLANG_WARN_UNGUARDED_AVAILABILITY = YES_AGGRESSIVE;
				CLANG_WARN_UNREACHABLE_CODE = YES;
				CLANG_WARN__DUPLICATE_METHOD_MATCH = YES;
				COPY_PHASE_STRIP = NO;
				DEBUG_INFORMATION_FORMAT = "dwarf-with-dsym";
				ENABLE_NS_ASSERTIONS = NO;
				ENABLE_STRICT_OBJC_MSGSEND = YES;
				GCC_C_LANGUAGE_STANDARD = gnu11;
				GCC_NO_COMMON_BLOCKS = YES;
				GCC_WARN_64_TO_32_BIT_CONVERSION = YES;
				GCC_WARN_ABOUT_RETURN_TYPE = YES_ERROR;
				GCC_WARN_UNDECLARED_SELECTOR = YES;
				GCC_WARN_UNINITIALIZED_AUTOS = YES_AGGRESSIVE;
				GCC_WARN_UNUSED_FUNCTION = YES;
				GCC_WARN_UNUSED_VARIABLE = YES;
				IPHONEOS_DEPLOYMENT_TARGET = 15.0;
				MTL_ENABLE_DEBUG_INFO = NO;
				MTL_FAST_MATH = YES;
				PRODUCT_NAME = "$(TARGET_NAME)";
				SDKROOT = iphoneos;
				SWIFT_COMPILATION_MODE = wholemodule;
				SWIFT_OPTIMIZATION_LEVEL = "-O";
				SWIFT_VERSION = 5.0;
			};
			name = Release;
		};
		D61965519B6AEC7E275AAAAE /* Debug */ = {
			isa = XCBuildConfiguration;
			buildSettings = {
				ALWAYS_SEARCH_USER_PATHS = NO;
				CLANG_ANALYZER_NONNULL = YES;
				CLANG_ANALYZER_NUMBER_OBJECT_CONVERSION = YES_AGGRESSIVE;
				CLANG_CXX_LANGUAGE_STANDARD = "gnu++14";
				CLANG_CXX_LIBRARY = "libc++";
				CLANG_ENABLE_MODULES = YES;
				CLANG_ENABLE_OBJC_ARC = YES;
				CLANG_ENABLE_OBJC_WEAK = YES;
				CLANG_WARN_BLOCK_CAPTURE_AUTORELEASING = YES;
				CLANG_WARN_BOOL_CONVERSION = YES;
				CLANG_WARN_COMMA = YES;
				CLANG_WARN_CONSTANT_CONVERSION = YES;
				CLANG_WARN_DEPRECATED_OBJC_IMPLEMENTATIONS = YES;
				CLANG_WARN_DIRECT_OBJC_ISA_USAGE = YES_ERROR;
				CLANG_WARN_DOCUMENTATION_COMMENTS = YES;
				CLANG_WARN_EMPTY_BODY = YES;
				CLANG_WARN_ENUM_CONVERSION = YES;
				CLANG_WARN_INFINITE_RECURSION = YES;
				CLANG_WARN_INT_CONVERSION = YES;
				CLANG_WARN_NON_LITERAL_NULL_CONVERSION = YES;
				CLANG_WARN_OBJC_IMPLICIT_RETAIN_SELF = YES;
				CLANG_WARN_OBJC_LITERAL_CONVERSION = YES;
				CLANG_WARN_OBJC_ROOT_CLASS = YES_ERROR;
				CLANG_WARN_QUOTED_INCLUDE_IN_FRAMEWORK_HEADER = YES;
				CLANG_WARN_RANGE_LOOP_ANALYSIS = YES;
				CLANG_WARN_STRICT_PROTOTYPES = YES;
				CLANG_WARN_SUSPICIOUS_MOVE = YES;
				CLANG_WARN_UNGUARDED_AVAILABILITY = YES_AGGRESSIVE;
				CLANG_WARN_UNREACHABLE_CODE = YES;
				CLANG_WARN__DUPLICATE_METHOD_MATCH = YES;
				COPY_PHASE_STRIP = NO;
				DEBUG_INFORMATION_FORMAT = dwarf;
				ENABLE_STRICT_OBJC_MSGSEND = YES;
				ENABLE_TESTABILITY = YES;
				GCC_C_LANGUAGE_STANDARD = gnu11;
				GCC_DYNAMIC_NO_PIC = NO;
				GCC_NO_COMMON_BLOCKS = YES;
				GCC_OPTIMIZATION_LEVEL = 0;
				GCC_PREPROCESSOR_DEFINITIONS = (
					"$(inherited)",
					"DEBUG=1",
				);
				GCC_WARN_64_TO_32_BIT_CONVERSION = YES;
				GCC_WARN_ABOUT_RETURN_TYPE = YES_ERROR;
				GCC_WARN_UNDECLARED_SELECTOR = YES;
				GCC_WARN_UNINITIALIZED_AUTOS = YES_AGGRESSIVE;
				GCC_WARN_UNUSED_FUNCTION = YES;
				GCC_WARN_UNUSED_VARIABLE = YES;
				IPHONEOS_DEPLOYMENT_TARGET = 15.0;
				MTL_ENABLE_DEBUG_INFO = INCLUDE_SOURCE;
				MTL_FAST_MATH = YES;
				ONLY_ACTIVE_ARCH = YES;
				PRODUCT_NAME = "$(TARGET_NAME)";
				SDKROOT = iphoneos;
				SWIFT_ACTIVE_COMPILATION_CONDITIONS = DEBUG;
				SWIFT_OPTIMIZATION_LEVEL = "-Onone";
				SWIFT_VERSION = 5.0;
			};
			name = Debug;
		};
/* End XCBuildConfiguration section */

/* Begin XCConfigurationList section */
		01B4102F5BA956ADBC43334C /* Build configuration list for PBXNativeTarget "NewbornStudio" */ = {
			isa = XCConfigurationList;
			buildConfigurations = (
				7C5A258B158F609670331F6D /* Debug */,
				3EC1C5713F47CCDC54406AF1 /* Release */,
			);
			defaultConfigurationIsVisible = 0;
			defaultConfigurationName = Debug;
		};
		F578FC3A0C2325491B3AA0C4 /* Build configuration list for PBXProject "NewbornStudio" */ = {
			isa = XCConfigurationList;
			buildConfigurations = (
				D61965519B6AEC7E275AAAAE /* Debug */,
				C7DC9F8C512CD2C5F3E9592A /* Release */,
			);
			defaultConfigurationIsVisible = 0;
			defaultConfigurationName = Debug;
		};
/* End XCConfigurationList section */

/* Begin XCRemoteSwiftPackageReference section */
		597602412AC9E8661C25C1B6 /* XCRemoteSwiftPackageReference "purchases-ios" */ = {
			isa = XCRemoteSwiftPackageReference;
			repositoryURL = "https://github.com/RevenueCat/purchases-ios";
			requirement = {
				kind = upToNextMajorVersion;
				minimumVersion = 5.0.0;
			};
		};
		A5BB6F39475326358FCA4994 /* XCRemoteSwiftPackageReference "GoogleSignIn-iOS" */ = {
			isa = XCRemoteSwiftPackageReference;
			repositoryURL = "https://github.com/google/GoogleSignIn-iOS";
			requirement = {
				kind = upToNextMajorVersion;
				minimumVersion = 8.0.0;
			};
		};
		D3C7CFCBA3ED5A771EBA4E03 /* XCRemoteSwiftPackageReference "firebase-ios-sdk" */ = {
			isa = XCRemoteSwiftPackageReference;
			repositoryURL = "https://github.com/firebase/firebase-ios-sdk";
			requirement = {
				kind = upToNextMajorVersion;
				minimumVersion = 11.0.0;
			};
		};
/* End XCRemoteSwiftPackageReference section */

/* Begin XCSwiftPackageProductDependency section */
		07682BE50C2C84C3B373157D /* RevenueCat */ = {
			isa = XCSwiftPackageProductDependency;
			package = 597602412AC9E8661C25C1B6 /* XCRemoteSwiftPackageReference "purchases-ios" */;
			productName = RevenueCat;
		};
		513939B4DE09955E9FCD3746 /* FirebaseCore */ = {
			isa = XCSwiftPackageProductDependency;
			package = D3C7CFCBA3ED5A771EBA4E03 /* XCRemoteSwiftPackageReference "firebase-ios-sdk" */;
			productName = FirebaseCore;
		};
		5499EA09F4C6C0E34CF10CEA /* FirebaseFunctions */ = {
			isa = XCSwiftPackageProductDependency;
			package = D3C7CFCBA3ED5A771EBA4E03 /* XCRemoteSwiftPackageReference "firebase-ios-sdk" */;
			productName = FirebaseFunctions;
		};
		60A91B98E7246E44EF56D078 /* GoogleSignIn */ = {
			isa = XCSwiftPackageProductDependency;
			package = A5BB6F39475326358FCA4994 /* XCRemoteSwiftPackageReference "GoogleSignIn-iOS" */;
			productName = GoogleSignIn;
		};
		9A0D8D69C677AA06E26C7A96 /* FirebaseStorage */ = {
			isa = XCSwiftPackageProductDependency;
			package = D3C7CFCBA3ED5A771EBA4E03 /* XCRemoteSwiftPackageReference "firebase-ios-sdk" */;
			productName = FirebaseStorage;
		};
		9E46D0EFAC0384D4EBD59E80 /* FirebaseAuth */ = {
			isa = XCSwiftPackageProductDependency;
			package = D3C7CFCBA3ED5A771EBA4E03 /* XCRemoteSwiftPackageReference "firebase-ios-sdk" */;
			productName = FirebaseAuth;
		};
		A76CDB5F21897BE615473238 /* FirebaseFirestore */ = {
			isa = XCSwiftPackageProductDependency;
			package = D3C7CFCBA3ED5A771EBA4E03 /* XCRemoteSwiftPackageReference "firebase-ios-sdk" */;
			productName = FirebaseFirestore;
		};
		CE9552E1A8F3EF6EC37479F2 /* FirebaseMessaging */ = {
			isa = XCSwiftPackageProductDependency;
			package = D3C7CFCBA3ED5A771EBA4E03 /* XCRemoteSwiftPackageReference "firebase-ios-sdk" */;
			productName = FirebaseMessaging;
		};
/* End XCSwiftPackageProductDependency section */
	};
	rootObject = D48D2FC09902917AA19B5D12 /* Project object */;
}
